
Microsoft Visual Studio Solution File, Format Version 12.00
# Visual Studio 15
VisualStudioVersion = 15.0.27130.2024
MinimumVisualStudioVersion = 10.0.40219.1
Project("{E24C65DC-7377-472B-9ABA-BC803B73C61A}") = "lee_CEIL865Lab1", "lee_CEIL865Lab1\", "{46BDD7E8-092F-4F9C-80B4-ECA7E7ADA8A7}"
	ProjectSection(WebsiteProperties) = preProject
		TargetFrameworkMoniker = ".NETFramework,Version%3Dv4.6.1"
		Debug.AspNetCompiler.VirtualPath = "/localhost_2734"
		Debug.AspNetCompiler.PhysicalPath = "lee_CEIL865Lab1\"
		Debug.AspNetCompiler.TargetPath = "PrecompiledWeb\localhost_2734\"
		Debug.AspNetCompiler.Updateable = "true"
		Debug.AspNetCompiler.ForceOverwrite = "true"
		Debug.AspNetCompiler.FixedNames = "false"
		Debug.AspNetCompiler.Debug = "True"
		Release.AspNetCompiler.VirtualPath = "/localhost_2734"
		Release.AspNetCompiler.PhysicalPath = "lee_CEIL865Lab1\"
		Release.AspNetCompiler.TargetPath = "PrecompiledWeb\localhost_2734\"
		Release.AspNetCompiler.Updateable = "true"
		Release.AspNetCompiler.ForceOverwrite = "true"
		Release.AspNetCompiler.FixedNames = "false"
		Release.AspNetCompiler.Debug = "False"
		VWDPort = "2734"
		SlnRelativePath = "lee_CEIL865Lab1\"
		DefaultWebSiteLanguage = "Visual C#"
	EndProjectSection
EndProject
Global
	GlobalSection(SolutionConfigurationPlatforms) = preSolution
		Debug|Any CPU = Debug|Any CPU
	EndGlobalSection
	GlobalSection(ProjectConfigurationPlatforms) = postSolution
		{46BDD7E8-092F-4F9C-80B4-ECA7E7ADA8A7}.Debug|Any CPU.ActiveCfg = Debug|Any CPU
		{46BDD7E8-092F-4F9C-80B4-ECA7E7ADA8A7}.Debug|Any CPU.Build.0 = Debug|Any CPU
	EndGlobalSection
	GlobalSection(SolutionProperties) = preSolution
		HideSolutionNode = FALSE
	EndGlobalSection
	GlobalSection(ExtensibilityGlobals) = postSolution
		SolutionGuid = {42C1966A-28B9-4E49-A142-04C80D59AFB1}
	EndGlobalSection
EndGlobal
